
Microsoft Visual Studio Solution File, Format Version 12.00
# Visual Studio Version 17
VisualStudioVersion = 17.5.33414.496
MinimumVisualStudioVersion = 10.0.40219.1
Project("{9A19103F-16F7-4668-BE54-9A1E7A4F7556}") = "BlogPersonal", "BlogPersonal\BlogPersonal.csproj", "{6B0F805A-E665-4186-BCC4-9E42A0116806}"
EndProject
Project("{9A19103F-16F7-4668-BE54-9A1E7A4F7556}") = "Persistencia", "Persistencia\Persistencia.csproj", "{2677AA39-9CAE-4DB9-9074-52186DE12160}"
EndProject
Project("{9A19103F-16F7-4668-BE54-9A1E7A4F7556}") = "Dominio", "Dominio\Dominio.csproj", "{0E430A4F-9BBC-4E8D-AB08-054DB91AC91B}"
EndProject
Project("{9A19103F-16F7-4668-BE54-9A1E7A4F7556}") = "Servicios", "Servicios\Servicios.csproj", "{0758C125-3859-4453-88C5-7FBFAA089F2B}"
EndProject
Project("{FAE04EC0-301F-11D3-BF4B-00C04F79EFBC}") = "DTOs", "DTOs\DTOs.csproj", "{45501F96-EAB7-4BD0-912B-59AE1E0A30D5}"
EndProject
Global
	GlobalSection(SolutionConfigurationPlatforms) = preSolution
		Debug|Any CPU = Debug|Any CPU
		Release|Any CPU = Release|Any CPU
	EndGlobalSection
	GlobalSection(ProjectConfigurationPlatforms) = postSolution
		{6B0F805A-E665-4186-BCC4-9E42A0116806}.Debug|Any CPU.ActiveCfg = Debug|Any CPU
		{6B0F805A-E665-4186-BCC4-9E42A0116806}.Debug|Any CPU.Build.0 = Debug|Any CPU
		{6B0F805A-E665-4186-BCC4-9E42A0116806}.Release|Any CPU.ActiveCfg = Release|Any CPU
		{6B0F805A-E665-4186-BCC4-9E42A0116806}.Release|Any CPU.Build.0 = Release|Any CPU
		{2677AA39-9CAE-4DB9-9074-52186DE12160}.Debug|Any CPU.ActiveCfg = Debug|Any CPU
		{2677AA39-9CAE-4DB9-9074-52186DE12160}.Debug|Any CPU.Build.0 = Debug|Any CPU
		{2677AA39-9CAE-4DB9-9074-52186DE12160}.Release|Any CPU.ActiveCfg = Release|Any CPU
		{2677AA39-9CAE-4DB9-9074-52186DE12160}.Release|Any CPU.Build.0 = Release|Any CPU
		{0E430A4F-9BBC-4E8D-AB08-054DB91AC91B}.Debug|Any CPU.ActiveCfg = Debug|Any CPU
		{0E430A4F-9BBC-4E8D-AB08-054DB91AC91B}.Debug|Any CPU.Build.0 = Debug|Any CPU
		{0E430A4F-9BBC-4E8D-AB08-054DB91AC91B}.Release|Any CPU.ActiveCfg = Release|Any CPU
		{0E430A4F-9BBC-4E8D-AB08-054DB91AC91B}.Release|Any CPU.Build.0 = Release|Any CPU
		{0758C125-3859-4453-88C5-7FBFAA089F2B}.Debug|Any CPU.ActiveCfg = Debug|Any CPU
		{0758C125-3859-4453-88C5-7FBFAA089F2B}.Debug|Any CPU.Build.0 = Debug|Any CPU
		{0758C125-3859-4453-88C5-7FBFAA089F2B}.Release|Any CPU.ActiveCfg = Release|Any CPU
		{0758C125-3859-4453-88C5-7FBFAA089F2B}.Release|Any CPU.Build.0 = Release|Any CPU
		{45501F96-EAB7-4BD0-912B-59AE1E0A30D5}.Debug|Any CPU.ActiveCfg = Debug|Any CPU
		{45501F96-EAB7-4BD0-912B-59AE1E0A30D5}.Debug|Any CPU.Build.0 = Debug|Any CPU
		{45501F96-EAB7-4BD0-912B-59AE1E0A30D5}.Release|Any CPU.ActiveCfg = Release|Any CPU
		{45501F96-EAB7-4BD0-912B-59AE1E0A30D5}.Release|Any CPU.Build.0 = Release|Any CPU
	EndGlobalSection
	GlobalSection(SolutionProperties) = preSolution
		HideSolutionNode = FALSE
	EndGlobalSection
	GlobalSection(ExtensibilityGlobals) = postSolution
		SolutionGuid = {955B8207-745C-4343-9452-0B2EB4493B26}
	EndGlobalSection
EndGlobal
